
Microsoft Visual Studio Solution File, Format Version 12.00
# Visual Studio Version 17
VisualStudioVersion = 17.14.36414.22 d17.14
MinimumVisualStudioVersion = 10.0.40219.1
Project("{FAE04EC0-301F-11D3-BF4B-00C04F79EFBC}") = "Calculadora", "Calculadora\Calculadora.csproj", "{084F2739-18AD-4B8B-A28E-4564A6FF8E0A}"
EndProject
Global
	GlobalSection(SolutionConfigurationPlatforms) = preSolution
		Debug|Any CPU = Debug|Any CPU
		Release|Any CPU = Release|Any CPU
	EndGlobalSection
	GlobalSection(ProjectConfigurationPlatforms) = postSolution
		{084F2739-18AD-4B8B-A28E-4564A6FF8E0A}.Debug|Any CPU.ActiveCfg = Debug|Any CPU
		{084F2739-18AD-4B8B-A28E-4564A6FF8E0A}.Debug|Any CPU.Build.0 = Debug|Any CPU
		{084F2739-18AD-4B8B-A28E-4564A6FF8E0A}.Release|Any CPU.ActiveCfg = Release|Any CPU
		{084F2739-18AD-4B8B-A28E-4564A6FF8E0A}.Release|Any CPU.Build.0 = Release|Any CPU
	EndGlobalSection
	GlobalSection(SolutionProperties) = preSolution
		HideSolutionNode = FALSE
	EndGlobalSection
	GlobalSection(ExtensibilityGlobals) = postSolution
		SolutionGuid = {1AB26935-555F-4F78-A039-9520C67BA863}
	EndGlobalSection
EndGlobal
